// !$*UTF8*$!
{
	archiveVersion = 1;
	classes = {
	};
	objectVersion = 50;
	objects = {

/* Begin PBXBuildFile section */
		6B235603234F5251001695F0 /* AppDelegate.swift in Sources */ = {isa = PBXBuildFile; fileRef = 6B235602234F5251001695F0 /* AppDelegate.swift */; };
		6B235605234F5251001695F0 /* SceneDelegate.swift in Sources */ = {isa = PBXBuildFile; fileRef = 6B235604234F5251001695F0 /* SceneDelegate.swift */; };
		6B235607234F5251001695F0 /* ViewController.swift in Sources */ = {isa = PBXBuildFile; fileRef = 6B235606234F5251001695F0 /* ViewController.swift */; };
		6B23560A234F5251001695F0 /* Main.storyboard in Resources */ = {isa = PBXBuildFile; fileRef = 6B235608234F5251001695F0 /* Main.storyboard */; };
		6B23560C234F5253001695F0 /* Assets.xcassets in Resources */ = {isa = PBXBuildFile; fileRef = 6B23560B234F5253001695F0 /* Assets.xcassets */; };
		6B23560F234F5253001695F0 /* LaunchScreen.storyboard in Resources */ = {isa = PBXBuildFile; fileRef = 6B23560D234F5253001695F0 /* LaunchScreen.storyboard */; };
		6B23561A234F5253001695F0 /* XCTestExampleTests.swift in Sources */ = {isa = PBXBuildFile; fileRef = 6B235619234F5253001695F0 /* XCTestExampleTests.swift */; };
		6B235625234F5253001695F0 /* XCTestExampleUITests.swift in Sources */ = {isa = PBXBuildFile; fileRef = 6B235624234F5253001695F0 /* XCTestExampleUITests.swift */; };
/* End PBXBuildFile section */

/* Begin PBXContainerItemProxy section */
		6B235616234F5253001695F0 /* PBXContainerItemProxy */ = {
			isa = PBXContainerItemProxy;
			containerPortal = 6B2355F7234F5251001695F0 /* Project object */;
			proxyType = 1;
			remoteGlobalIDString = 6B2355FE234F5251001695F0;
			remoteInfo = XCTestExample;
		};
		6B235621234F5253001695F0 /* PBXContainerItemProxy */ = {
			isa = PBXContainerItemProxy;
			containerPortal = 6B2355F7234F5251001695F0 /* Project object */;
			proxyType = 1;
			remoteGlobalIDString = 6B2355FE234F5251001695F0;
			remoteInfo = XCTestExample;
		};
/* End PBXContainerItemProxy section */

/* Begin PBXFileReference section */
		6B2355FF234F5251001695F0 /* XCTestExample.app */ = {isa = PBXFileReference; explicitFileType = wrapper.application; includeInIndex = 0; path = XCTestExample.app; sourceTree = BUILT_PRODUCTS_DIR; };
		6B235602234F5251001695F0 /* AppDelegate.swift */ = {isa = PBXFileReference; lastKnownFileType = sourcecode.swift; path = AppDelegate.swift; sourceTree = "<group>"; };
		6B235604234F5251001695F0 /* SceneDelegate.swift */ = {isa = PBXFileReference; lastKnownFileType = sourcecode.swift; path = SceneDelegate.swift; sourceTree = "<group>"; };
		6B235606234F5251001695F0 /* ViewController.swift */ = {isa = PBXFileReference; lastKnownFileType = sourcecode.swift; path = ViewController.swift; sourceTree = "<group>"; };
		6B235609234F5251001695F0 /* Base */ = {isa = PBXFileReference; lastKnownFileType = file.storyboard; name = Base; path = Base.lproj/Main.storyboard; sourceTree = "<group>"; };
		6B23560B234F5253001695F0 /* Assets.xcassets */ = {isa = PBXFileReference; lastKnownFileType = folder.assetcatalog; path = Assets.xcassets; sourceTree = "<group>"; };
		6B23560E234F5253001695F0 /* Base */ = {isa = PBXFileReference; lastKnownFileType = file.storyboard; name = Base; path = Base.lproj/LaunchScreen.storyboard; sourceTree = "<group>"; };
		6B235610234F5253001695F0 /* Info.plist */ = {isa = PBXFileReference; lastKnownFileType = text.plist.xml; path = Info.plist; sourceTree = "<group>"; };
		6B235615234F5253001695F0 /* XCTestExampleTests.xctest */ = {isa = PBXFileReference; explicitFileType = wrapper.cfbundle; includeInIndex = 0; path = XCTestExampleTests.xctest; sourceTree = BUILT_PRODUCTS_DIR; };
		6B235619234F5253001695F0 /* XCTestExampleTests.swift */ = {isa = PBXFileReference; lastKnownFileType = sourcecode.swift; path = XCTestExampleTests.swift; sourceTree = "<group>"; };
		6B23561B234F5253001695F0 /* Info.plist */ = {isa = PBXFileReference; lastKnownFileType = text.plist.xml; path = Info.plist; sourceTree = "<group>"; };
		6B235620234F5253001695F0 /* XCTestExampleUITests.xctest */ = {isa = PBXFileReference; explicitFileType = wrapper.cfbundle; includeInIndex = 0; path = XCTestExampleUITests.xctest; sourceTree = BUILT_PRODUCTS_DIR; };
		6B235624234F5253001695F0 /* XCTestExampleUITests.swift */ = {isa = PBXFileReference; lastKnownFileType = sourcecode.swift; path = XCTestExampleUITests.swift; sourceTree = "<group>"; };
		6B235626234F5253001695F0 /* Info.plist */ = {isa = PBXFileReference; lastKnownFileType = text.plist.xml; path = Info.plist; sourceTree = "<group>"; };
/* End PBXFileReference section */

/* Begin PBXFrameworksBuildPhase section */
		6B2355FC234F5251001695F0 /* Frameworks */ = {
			isa = PBXFrameworksBuildPhase;
			buildActionMask = 2147483647;
			files = (
			);
			runOnlyForDeploymentPostprocessing = 0;
		};
		6B235612234F5253001695F0 /* Frameworks */ = {
			isa = PBXFrameworksBuildPhase;
			buildActionMask = 2147483647;
			files = (
			);
			runOnlyForDeploymentPostprocessing = 0;
		};
		6B23561D234F5253001695F0 /* Frameworks */ = {
			isa = PBXFrameworksBuildPhase;
			buildActionMask = 2147483647;
			files = (
			);
			runOnlyForDeploymentPostprocessing = 0;
		};
/* End PBXFrameworksBuildPhase section */

/* Begin PBXGroup section */
		6B2355F6234F5251001695F0 = {
			isa = PBXGroup;
			children = (
				6B235601234F5251001695F0 /* XCTestExample */,
				6B235618234F5253001695F0 /* XCTestExampleTests */,
				6B235623234F5253001695F0 /* XCTestExampleUITests */,
				6B235600234F5251001695F0 /* Products */,
			);
			sourceTree = "<group>";
		};
		6B235600234F5251001695F0 /* Products */ = {
			isa = PBXGroup;
			children = (
				6B2355FF234F5251001695F0 /* XCTestExample.app */,
				6B235615234F5253001695F0 /* XCTestExampleTests.xctest */,
				6B235620234F5253001695F0 /* XCTestExampleUITests.xctest */,
			);
			name = Products;
			sourceTree = "<group>";
		};
		6B235601234F5251001695F0 /* XCTestExample */ = {
			isa = PBXGroup;
			children = (
				6B235602234F5251001695F0 /* AppDelegate.swift */,
				6B235604234F5251001695F0 /* SceneDelegate.swift */,
				6B235606234F5251001695F0 /* ViewController.swift */,
				6B235608234F5251001695F0 /* Main.storyboard */,
				6B23560B234F5253001695F0 /* Assets.xcassets */,
				6B23560D234F5253001695F0 /* LaunchScreen.storyboard */,
				6B235610234F5253001695F0 /* Info.plist */,
			);
			path = XCTestExample;
			sourceTree = "<group>";
		};
		6B235618234F5253001695F0 /* XCTestExampleTests */ = {
			isa = PBXGroup;
			children = (
				6B235619234F5253001695F0 /* XCTestExampleTests.swift */,
				6B23561B234F5253001695F0 /* Info.plist */,
			);
			path = XCTestExampleTests;
			sourceTree = "<group>";
		};
		6B235623234F5253001695F0 /* XCTestExampleUITests */ = {
			isa = PBXGroup;
			children = (
				6B235624234F5253001695F0 /* XCTestExampleUITests.swift */,
				6B235626234F5253001695F0 /* Info.plist */,
			);
			path = XCTestExampleUITests;
			sourceTree = "<group>";
		};
/* End PBXGroup section */

/* Begin PBXNativeTarget section */
		6B2355FE234F5251001695F0 /* XCTestExample */ = {
			isa = PBXNativeTarget;
			buildConfigurationList = 6B235629234F5253001695F0 /* Build configuration list for PBXNativeTarget "XCTestExample" */;
			buildPhases = (
				6B2355FB234F5251001695F0 /* Sources */,
				6B2355FC234F5251001695F0 /* Frameworks */,
				6B2355FD234F5251001695F0 /* Resources */,
			);
			buildRules = (
			);
			dependencies = (
			);
			name = XCTestExample;
			productName = XCTestExample;
			productReference = 6B2355FF234F5251001695F0 /* XCTestExample.app */;
			productType = "com.apple.product-type.application";
		};
		6B235614234F5253001695F0 /* XCTestExampleTests */ = {
			isa = PBXNativeTarget;
			buildConfigurationList = 6B23562C234F5253001695F0 /* Build configuration list for PBXNativeTarget "XCTestExampleTests" */;
			buildPhases = (
				6B235611234F5253001695F0 /* Sources */,
				6B235612234F5253001695F0 /* Frameworks */,
				6B235613234F5253001695F0 /* Resources */,
			);
			buildRules = (
			);
			dependencies = (
				6B235617234F5253001695F0 /* PBXTargetDependency */,
			);
			name = XCTestExampleTests;
			productName = XCTestExampleTests;
			productReference = 6B235615234F5253001695F0 /* XCTestExampleTests.xctest */;
			productType = "com.apple.product-type.bundle.unit-test";
		};
		6B23561F234F5253001695F0 /* XCTestExampleUITests */ = {
			isa = PBXNativeTarget;
			buildConfigurationList = 6B23562F234F5253001695F0 /* Build configuration list for PBXNativeTarget "XCTestExampleUITests" */;
			buildPhases = (
				6B23561C234F5253001695F0 /* Sources */,
				6B23561D234F5253001695F0 /* Frameworks */,
				6B23561E234F5253001695F0 /* Resources */,
			);
			buildRules = (
			);
			dependencies = (
				6B235622234F5253001695F0 /* PBXTargetDependency */,
			);
			name = XCTestExampleUITests;
			productName = XCTestExampleUITests;
			productReference = 6B235620234F5253001695F0 /* XCTestExampleUITests.xctest */;
			productType = "com.apple.product-type.bundle.ui-testing";
		};
/* End PBXNativeTarget section */

/* Begin PBXProject section */
		6B2355F7234F5251001695F0 /* Project object */ = {
			isa = PBXProject;
			attributes = {
				LastSwiftUpdateCheck = 1100;
				LastUpgradeCheck = 1100;
				ORGANIZATIONNAME = "Pragathi Kallu";
				TargetAttributes = {
					6B2355FE234F5251001695F0 = {
						CreatedOnToolsVersion = 11.0;
					};
					6B235614234F5253001695F0 = {
						CreatedOnToolsVersion = 11.0;
						TestTargetID = 6B2355FE234F5251001695F0;
					};
					6B23561F234F5253001695F0 = {
						CreatedOnToolsVersion = 11.0;
						TestTargetID = 6B2355FE234F5251001695F0;
					};
				};
			};
			buildConfigurationList = 6B2355FA234F5251001695F0 /* Build configuration list for PBXProject "XCTestExample" */;
			compatibilityVersion = "Xcode 9.3";
			developmentRegion = en;
			hasScannedForEncodings = 0;
			knownRegions = (
				en,
				Base,
			);
			mainGroup = 6B2355F6234F5251001695F0;
			productRefGroup = 6B235600234F5251001695F0 /* Products */;
			projectDirPath = "";
			projectRoot = "";
			targets = (
				6B2355FE234F5251001695F0 /* XCTestExample */,
				6B235614234F5253001695F0 /* XCTestExampleTests */,
				6B23561F234F5253001695F0 /* XCTestExampleUITests */,
			);
		};
/* End PBXProject section */

/* Begin PBXResourcesBuildPhase section */
		6B2355FD234F5251001695F0 /* Resources */ = {
			isa = PBXResourcesBuildPhase;
			buildActionMask = 2147483647;
			files = (
				6B23560F234F5253001695F0 /* LaunchScreen.storyboard in Resources */,
				6B23560C234F5253001695F0 /* Assets.xcassets in Resources */,
				6B23560A234F5251001695F0 /* Main.storyboard in Resources */,
			);
			runOnlyForDeploymentPostprocessing = 0;
		};
		6B235613234F5253001695F0 /* Resources */ = {
			isa = PBXResourcesBuildPhase;
			buildActionMask = 2147483647;
			files = (
			);
			runOnlyForDeploymentPostprocessing = 0;
		};
		6B23561E234F5253001695F0 /* Resources */ = {
			isa = PBXResourcesBuildPhase;
			buildActionMask = 2147483647;
			files = (
			);
			runOnlyForDeploymentPostprocessing = 0;
		};
/* End PBXResourcesBuildPhase section */

/* Begin PBXSourcesBuildPhase section */
		6B2355FB234F5251001695F0 /* Sources */ = {
			isa = PBXSourcesBuildPhase;
			buildActionMask = 2147483647;
			files = (
				6B235607234F5251001695F0 /* ViewController.swift in Sources */,
				6B235603234F5251001695F0 /* AppDelegate.swift in Sources */,
				6B235605234F5251001695F0 /* SceneDelegate.swift in Sources */,
			);
			runOnlyForDeploymentPostprocessing = 0;
		};
		6B235611234F5253001695F0 /* Sources */ = {
			isa = PBXSourcesBuildPhase;
			buildActionMask = 2147483647;
			files = (
				6B23561A234F5253001695F0 /* XCTestExampleTests.swift in Sources */,
			);
			runOnlyForDeploymentPostprocessing = 0;
		};
		6B23561C234F5253001695F0 /* Sources */ = {
			isa = PBXSourcesBuildPhase;
			buildActionMask = 2147483647;
			files = (
				6B235625234F5253001695F0 /* XCTestExampleUITests.swift in Sources */,
			);
			runOnlyForDeploymentPostprocessing = 0;
		};
/* End PBXSourcesBuildPhase section */

/* Begin PBXTargetDependency section */
		6B235617234F5253001695F0 /* PBXTargetDependency */ = {
			isa = PBXTargetDependency;
			target = 6B2355FE234F5251001695F0 /* XCTestExample */;
			targetProxy = 6B235616234F5253001695F0 /* PBXContainerItemProxy */;
		};
		6B235622234F5253001695F0 /* PBXTargetDependency */ = {
			isa = PBXTargetDependency;
			target = 6B2355FE234F5251001695F0 /* XCTestExample */;
			targetProxy = 6B235621234F5253001695F0 /* PBXContainerItemProxy */;
		};
/* End PBXTargetDependency section */

/* Begin PBXVariantGroup section */
		6B235608234F5251001695F0 /* Main.storyboard */ = {
			isa = PBXVariantGroup;
			children = (
				6B235609234F5251001695F0 /* Base */,
			);
			name = Main.storyboard;
			sourceTree = "<group>";
		};
		6B23560D234F5253001695F0 /* LaunchScreen.storyboard */ = {
			isa = PBXVariantGroup;
			children = (
				6B23560E234F5253001695F0 /* Base */,
			);
			name = LaunchScreen.storyboard;
			sourceTree = "<group>";
		};
/* End PBXVariantGroup section */

/* Begin XCBuildConfiguration section */
		6B235627234F5253001695F0 /* Debug */ = {
			isa = XCBuildConfiguration;
			buildSettings = {
				ALWAYS_SEARCH_USER_PATHS = NO;
				CLANG_ANALYZER_NONNULL = YES;
				CLANG_ANALYZER_NUMBER_OBJECT_CONVERSION = YES_AGGRESSIVE;
				CLANG_CXX_LANGUAGE_STANDARD = "gnu++14";
				CLANG_CXX_LIBRARY = "libc++";
				CLANG_ENABLE_MODULES = YES;
				CLANG_ENABLE_OBJC_ARC = YES;
				CLANG_ENABLE_OBJC_WEAK = YES;
				CLANG_WARN_BLOCK_CAPTURE_AUTORELEASING = YES;
				CLANG_WARN_BOOL_CONVERSION = YES;
				CLANG_WARN_COMMA = YES;
				CLANG_WARN_CONSTANT_CONVERSION = YES;
				CLANG_WARN_DEPRECATED_OBJC_IMPLEMENTATIONS = YES;
				CLANG_WARN_DIRECT_OBJC_ISA_USAGE = YES_ERROR;
				CLANG_WARN_DOCUMENTATION_COMMENTS = YES;
				CLANG_WARN_EMPTY_BODY = YES;
				CLANG_WARN_ENUM_CONVERSION = YES;
				CLANG_WARN_INFINITE_RECURSION = YES;
				CLANG_WARN_INT_CONVERSION = YES;
				CLANG_WARN_NON_LITERAL_NULL_CONVERSION = YES;
				CLANG_WARN_OBJC_IMPLICIT_RETAIN_SELF = YES;
				CLANG_WARN_OBJC_LITERAL_CONVERSION = YES;
				CLANG_WARN_OBJC_ROOT_CLASS = YES_ERROR;
				CLANG_WARN_RANGE_LOOP_ANALYSIS = YES;
				CLANG_WARN_STRICT_PROTOTYPES = YES;
				CLANG_WARN_SUSPICIOUS_MOVE = YES;
				CLANG_WARN_UNGUARDED_AVAILABILITY = YES_AGGRESSIVE;
				CLANG_WARN_UNREACHABLE_CODE = YES;
				CLANG_WARN__DUPLICATE_METHOD_MATCH = YES;
				COPY_PHASE_STRIP = NO;
				DEBUG_INFORMATION_FORMAT = dwarf;
				ENABLE_STRICT_OBJC_MSGSEND = YES;
				ENABLE_TESTABILITY = YES;
				GCC_C_LANGUAGE_STANDARD = gnu11;
				GCC_DYNAMIC_NO_PIC = NO;
				GCC_NO_COMMON_BLOCKS = YES;
				GCC_OPTIMIZATION_LEVEL = 0;
				GCC_PREPROCESSOR_DEFINITIONS = (
					"DEBUG=1",
					"$(inherited)",
				);
				GCC_WARN_64_TO_32_BIT_CONVERSION = YES;
				GCC_WARN_ABOUT_RETURN_TYPE = YES_ERROR;
				GCC_WARN_UNDECLARED_SELECTOR = YES;
				GCC_WARN_UNINITIALIZED_AUTOS = YES_AGGRESSIVE;
				GCC_WARN_UNUSED_FUNCTION = YES;
				GCC_WARN_UNUSED_VARIABLE = YES;
				IPHONEOS_DEPLOYMENT_TARGET = 13.0;
				MTL_ENABLE_DEBUG_INFO = INCLUDE_SOURCE;
				MTL_FAST_MATH = YES;
				ONLY_ACTIVE_ARCH = YES;
				SDKROOT = iphoneos;
				SWIFT_ACTIVE_COMPILATION_CONDITIONS = DEBUG;
				SWIFT_OPTIMIZATION_LEVEL = "-Onone";
			};
			name = Debug;
		};
		6B235628234F5253001695F0 /* Release */ = {
			isa = XCBuildConfiguration;
			buildSettings = {
				ALWAYS_SEARCH_USER_PATHS = NO;
				CLANG_ANALYZER_NONNULL = YES;
				CLANG_ANALYZER_NUMBER_OBJECT_CONVERSION = YES_AGGRESSIVE;
				CLANG_CXX_LANGUAGE_STANDARD = "gnu++14";
				CLANG_CXX_LIBRARY = "libc++";
				CLANG_ENABLE_MODULES = YES;
				CLANG_ENABLE_OBJC_ARC = YES;
				CLANG_ENABLE_OBJC_WEAK = YES;
				CLANG_WARN_BLOCK_CAPTURE_AUTORELEASING = YES;
				CLANG_WARN_BOOL_CONVERSION = YES;
				CLANG_WARN_COMMA = YES;
				CLANG_WARN_CONSTANT_CONVERSION = YES;
				CLANG_WARN_DEPRECATED_OBJC_IMPLEMENTATIONS = YES;
				CLANG_WARN_DIRECT_OBJC_ISA_USAGE = YES_ERROR;
				CLANG_WARN_DOCUMENTATION_COMMENTS = YES;
				CLANG_WARN_EMPTY_BODY = YES;
				CLANG_WARN_ENUM_CONVERSION = YES;
				CLANG_WARN_INFINITE_RECURSION = YES;
				CLANG_WARN_INT_CONVERSION = YES;
				CLANG_WARN_NON_LITERAL_NULL_CONVERSION = YES;
				CLANG_WARN_OBJC_IMPLICIT_RETAIN_SELF = YES;
				CLANG_WARN_OBJC_LITERAL_CONVERSION = YES;
				CLANG_WARN_OBJC_ROOT_CLASS = YES_ERROR;
				CLANG_WARN_RANGE_LOOP_ANALYSIS = YES;
				CLANG_WARN_STRICT_PROTOTYPES = YES;
				CLANG_WARN_SUSPICIOUS_MOVE = YES;
				CLANG_WARN_UNGUARDED_AVAILABILITY = YES_AGGRESSIVE;
				CLANG_WARN_UNREACHABLE_CODE = YES;
				CLANG_WARN__DUPLICATE_METHOD_MATCH = YES;
				COPY_PHASE_STRIP = NO;
				DEBUG_INFORMATION_FORMAT = "dwarf-with-dsym";
				ENABLE_NS_ASSERTIONS = NO;
				ENABLE_STRICT_OBJC_MSGSEND = YES;
				GCC_C_LANGUAGE_STANDARD = gnu11;
				GCC_NO_COMMON_BLOCKS = YES;
				GCC_WARN_64_TO_32_BIT_CONVERSION = YES;
				GCC_WARN_ABOUT_RETURN_TYPE = YES_ERROR;
				GCC_WARN_UNDECLARED_SELECTOR = YES;
				GCC_WARN_UNINITIALIZED_AUTOS = YES_AGGRESSIVE;
				GCC_WARN_UNUSED_FUNCTION = YES;
				GCC_WARN_UNUSED_VARIABLE = YES;
				IPHONEOS_DEPLOYMENT_TARGET = 13.0;
				MTL_ENABLE_DEBUG_INFO = NO;
				MTL_FAST_MATH = YES;
				SDKROOT = iphoneos;
				SWIFT_COMPILATION_MODE = wholemodule;
				SWIFT_OPTIMIZATION_LEVEL = "-O";
				VALIDATE_PRODUCT = YES;
			};
			name = Release;
		};
		6B23562A234F5253001695F0 /* Debug */ = {
			isa = XCBuildConfiguration;
			buildSettings = {
				ASSETCATALOG_COMPILER_APPICON_NAME = AppIcon;
				CODE_SIGN_STYLE = Automatic;
				INFOPLIST_FILE = XCTestExample/Info.plist;
				LD_RUNPATH_SEARCH_PATHS = (
					"$(inherited)",
					"@executable_path/Frameworks",
				);
				PRODUCT_BUNDLE_IDENTIFIER = com.Self.XCTestExample;
				PRODUCT_NAME = "$(TARGET_NAME)";
				SWIFT_VERSION = 5.0;
				TARGETED_DEVICE_FAMILY = "1,2";
			};
			name = Debug;
		};
		6B23562B234F5253001695F0 /* Release */ = {
			isa = XCBuildConfiguration;
			buildSettings = {
				ASSETCATALOG_COMPILER_APPICON_NAME = AppIcon;
				CODE_SIGN_STYLE = Automatic;
				INFOPLIST_FILE = XCTestExample/Info.plist;
				LD_RUNPATH_SEARCH_PATHS = (
					"$(inherited)",
					"@executable_path/Frameworks",
				);
				PRODUCT_BUNDLE_IDENTIFIER = com.Self.XCTestExample;
				PRODUCT_NAME = "$(TARGET_NAME)";
				SWIFT_VERSION = 5.0;
				TARGETED_DEVICE_FAMILY = "1,2";
			};
			name = Release;
		};
		6B23562D234F5253001695F0 /* Debug */ = {
			isa = XCBuildConfiguration;
			buildSettings = {
				ALWAYS_EMBED_SWIFT_STANDARD_LIBRARIES = YES;
				BUNDLE_LOADER = "$(TEST_HOST)";
				CODE_SIGN_STYLE = Automatic;
				INFOPLIST_FILE = XCTestExampleTests/Info.plist;
				IPHONEOS_DEPLOYMENT_TARGET = 13.0;
				LD_RUNPATH_SEARCH_PATHS = (
					"$(inherited)",
					"@executable_path/Frameworks",
					"@loader_path/Frameworks",
				);
				PRODUCT_BUNDLE_IDENTIFIER = com.Self.XCTestExampleTests;
				PRODUCT_NAME = "$(TARGET_NAME)";
				SWIFT_VERSION = 5.0;
				TARGETED_DEVICE_FAMILY = "1,2";
				TEST_HOST = "$(BUILT_PRODUCTS_DIR)/XCTestExample.app/XCTestExample";
			};
			name = Debug;
		};
		6B23562E234F5253001695F0 /* Release */ = {
			isa = XCBuildConfiguration;
			buildSettings = {
				ALWAYS_EMBED_SWIFT_STANDARD_LIBRARIES = YES;
				BUNDLE_LOADER = "$(TEST_HOST)";
				CODE_SIGN_STYLE = Automatic;
				INFOPLIST_FILE = XCTestExampleTests/Info.plist;
				IPHONEOS_DEPLOYMENT_TARGET = 13.0;
				LD_RUNPATH_SEARCH_PATHS = (
					"$(inherited)",
					"@executable_path/Frameworks",
					"@loader_path/Frameworks",
				);
				PRODUCT_BUNDLE_IDENTIFIER = com.Self.XCTestExampleTests;
				PRODUCT_NAME = "$(TARGET_NAME)";
				SWIFT_VERSION = 5.0;
				TARGETED_DEVICE_FAMILY = "1,2";
				TEST_HOST = "$(BUILT_PRODUCTS_DIR)/XCTestExample.app/XCTestExample";
			};
			name = Release;
		};
		6B235630234F5253001695F0 /* Debug */ = {
			isa = XCBuildConfiguration;
			buildSettings = {
				ALWAYS_EMBED_SWIFT_STANDARD_LIBRARIES = YES;
				CODE_SIGN_STYLE = Automatic;
				INFOPLIST_FILE = XCTestExampleUITests/Info.plist;
				LD_RUNPATH_SEARCH_PATHS = (
					"$(inherited)",
					"@executable_path/Frameworks",
					"@loader_path/Frameworks",
				);
				PRODUCT_BUNDLE_IDENTIFIER = com.Self.XCTestExampleUITests;
				PRODUCT_NAME = "$(TARGET_NAME)";
				SWIFT_VERSION = 5.0;
				TARGETED_DEVICE_FAMILY = "1,2";
				TEST_TARGET_NAME = XCTestExample;
			};
			name = Debug;
		};
		6B235631234F5253001695F0 /* Release */ = {
			isa = XCBuildConfiguration;
			buildSettings = {
				ALWAYS_EMBED_SWIFT_STANDARD_LIBRARIES = YES;
				CODE_SIGN_STYLE = Automatic;
				INFOPLIST_FILE = XCTestExampleUITests/Info.plist;
				LD_RUNPATH_SEARCH_PATHS = (
					"$(inherited)",
					"@executable_path/Frameworks",
					"@loader_path/Frameworks",
				);
				PRODUCT_BUNDLE_IDENTIFIER = com.Self.XCTestExampleUITests;
				PRODUCT_NAME = "$(TARGET_NAME)";
				SWIFT_VERSION = 5.0;
				TARGETED_DEVICE_FAMILY = "1,2";
				TEST_TARGET_NAME = XCTestExample;
			};
			name = Release;
		};
/* End XCBuildConfiguration section */

/* Begin XCConfigurationList section */
		6B2355FA234F5251001695F0 /* Build configuration list for PBXProject "XCTestExample" */ = {
			isa = XCConfigurationList;
			buildConfigurations = (
				6B235627234F5253001695F0 /* Debug */,
				6B235628234F5253001695F0 /* Release */,
			);
			defaultConfigurationIsVisible = 0;
			defaultConfigurationName = Release;
		};
		6B235629234F5253001695F0 /* Build configuration list for PBXNativeTarget "XCTestExample" */ = {
			isa = XCConfigurationList;
			buildConfigurations = (
				6B23562A234F5253001695F0 /* Debug */,
				6B23562B234F5253001695F0 /* Release */,
			);
			defaultConfigurationIsVisible = 0;
			defaultConfigurationName = Release;
		};
		6B23562C234F5253001695F0 /* Build configuration list for PBXNativeTarget "XCTestExampleTests" */ = {
			isa = XCConfigurationList;
			buildConfigurations = (
				6B23562D234F5253001695F0 /* Debug */,
				6B23562E234F5253001695F0 /* Release */,
			);
			defaultConfigurationIsVisible = 0;
			defaultConfigurationName = Release;
		};
		6B23562F234F5253001695F0 /* Build configuration list for PBXNativeTarget "XCTestExampleUITests" */ = {
			isa = XCConfigurationList;
			buildConfigurations = (
				6B235630234F5253001695F0 /* Debug */,
				6B235631234F5253001695F0 /* Release */,
			);
			defaultConfigurationIsVisible = 0;
			defaultConfigurationName = Release;
		};
/* End XCConfigurationList section */
	};
	rootObject = 6B2355F7234F5251001695F0 /* Project object */;
}
